// !$*UTF8*$!
{
	archiveVersion = 1;
	classes = {
	};
	objectVersion = 77;
	objects = {

/* Begin PBXContainerItemProxy section */
		173CA9FF2D2CD3FD008E81B9 /* PBXContainerItemProxy */ = {
			isa = PBXContainerItemProxy;
			containerPortal = 173CA9E42D2CD3FC008E81B9 /* Project object */;
			proxyType = 1;
			remoteGlobalIDString = 173CA9EB2D2CD3FC008E81B9;
			remoteInfo = "time-blocker";
		};
		173CAA092D2CD3FD008E81B9 /* PBXContainerItemProxy */ = {
			isa = PBXContainerItemProxy;
			containerPortal = 173CA9E42D2CD3FC008E81B9 /* Project object */;
			proxyType = 1;
			remoteGlobalIDString = 173CA9EB2D2CD3FC008E81B9;
			remoteInfo = "time-blocker";
		};
/* End PBXContainerItemProxy section */

/* Begin PBXFileReference section */
		173CA9EC2D2CD3FC008E81B9 /* time-blocker.app */ = {isa = PBXFileReference; explicitFileType = wrapper.application; includeInIndex = 0; path = "time-blocker.app"; sourceTree = BUILT_PRODUCTS_DIR; };
		173CA9FE2D2CD3FD008E81B9 /* time-blockerTests.xctest */ = {isa = PBXFileReference; explicitFileType = wrapper.cfbundle; includeInIndex = 0; path = "time-blockerTests.xctest"; sourceTree = BUILT_PRODUCTS_DIR; };
		173CAA082D2CD3FD008E81B9 /* time-blockerUITests.xctest */ = {isa = PBXFileReference; explicitFileType = wrapper.cfbundle; includeInIndex = 0; path = "time-blockerUITests.xctest"; sourceTree = BUILT_PRODUCTS_DIR; };
/* End PBXFileReference section */

/* Begin PBXFileSystemSynchronizedRootGroup section */
		173CA9EE2D2CD3FC008E81B9 /* time-blocker */ = {
			isa = PBXFileSystemSynchronizedRootGroup;
			path = "time-blocker";
			sourceTree = "<group>";
		};
		173CAA012D2CD3FD008E81B9 /* time-blockerTests */ = {
			isa = PBXFileSystemSynchronizedRootGroup;
			path = "time-blockerTests";
			sourceTree = "<group>";
		};
		173CAA0B2D2CD3FD008E81B9 /* time-blockerUITests */ = {
			isa = PBXFileSystemSynchronizedRootGroup;
			path = "time-blockerUITests";
			sourceTree = "<group>";
		};
/* End PBXFileSystemSynchronizedRootGroup section */

/* Begin PBXFrameworksBuildPhase section */
		173CA9E92D2CD3FC008E81B9 /* Frameworks */ = {
			isa = PBXFrameworksBuildPhase;
			buildActionMask = 2147483647;
			files = (
			);
			runOnlyForDeploymentPostprocessing = 0;
		};
		173CA9FB2D2CD3FD008E81B9 /* Frameworks */ = {
			isa = PBXFrameworksBuildPhase;
			buildActionMask = 2147483647;
			files = (
			);
			runOnlyForDeploymentPostprocessing = 0;
		};
		173CAA052D2CD3FD008E81B9 /* Frameworks */ = {
			isa = PBXFrameworksBuildPhase;
			buildActionMask = 2147483647;
			files = (
			);
			runOnlyForDeploymentPostprocessing = 0;
		};
/* End PBXFrameworksBuildPhase section */

/* Begin PBXGroup section */
		173CA9E32D2CD3FC008E81B9 = {
			isa = PBXGroup;
			children = (
				173CA9EE2D2CD3FC008E81B9 /* time-blocker */,
				173CAA012D2CD3FD008E81B9 /* time-blockerTests */,
				173CAA0B2D2CD3FD008E81B9 /* time-blockerUITests */,
				173CA9ED2D2CD3FC008E81B9 /* Products */,
			);
			sourceTree = "<group>";
		};
		173CA9ED2D2CD3FC008E81B9 /* Products */ = {
			isa = PBXGroup;
			children = (
				173CA9EC2D2CD3FC008E81B9 /* time-blocker.app */,
				173CA9FE2D2CD3FD008E81B9 /* time-blockerTests.xctest */,
				173CAA082D2CD3FD008E81B9 /* time-blockerUITests.xctest */,
			);
			name = Products;
			sourceTree = "<group>";
		};
/* End PBXGroup section */

/* Begin PBXNativeTarget section */
		173CA9EB2D2CD3FC008E81B9 /* time-blocker */ = {
			isa = PBXNativeTarget;
			buildConfigurationList = 173CAA122D2CD3FD008E81B9 /* Build configuration list for PBXNativeTarget "time-blocker" */;
			buildPhases = (
				173CA9E82D2CD3FC008E81B9 /* Sources */,
				173CA9E92D2CD3FC008E81B9 /* Frameworks */,
				173CA9EA2D2CD3FC008E81B9 /* Resources */,
			);
			buildRules = (
			);
			dependencies = (
			);
			fileSystemSynchronizedGroups = (
				173CA9EE2D2CD3FC008E81B9 /* time-blocker */,
			);
			name = "time-blocker";
			packageProductDependencies = (
			);
			productName = "time-blocker";
			productReference = 173CA9EC2D2CD3FC008E81B9 /* time-blocker.app */;
			productType = "com.apple.product-type.application";
		};
		173CA9FD2D2CD3FD008E81B9 /* time-blockerTests */ = {
			isa = PBXNativeTarget;
			buildConfigurationList = 173CAA152D2CD3FD008E81B9 /* Build configuration list for PBXNativeTarget "time-blockerTests" */;
			buildPhases = (
				173CA9FA2D2CD3FD008E81B9 /* Sources */,
				173CA9FB2D2CD3FD008E81B9 /* Frameworks */,
				173CA9FC2D2CD3FD008E81B9 /* Resources */,
			);
			buildRules = (
			);
			dependencies = (
				173CAA002D2CD3FD008E81B9 /* PBXTargetDependency */,
			);
			fileSystemSynchronizedGroups = (
				173CAA012D2CD3FD008E81B9 /* time-blockerTests */,
			);
			name = "time-blockerTests";
			packageProductDependencies = (
			);
			productName = "time-blockerTests";
			productReference = 173CA9FE2D2CD3FD008E81B9 /* time-blockerTests.xctest */;
			productType = "com.apple.product-type.bundle.unit-test";
		};
		173CAA072D2CD3FD008E81B9 /* time-blockerUITests */ = {
			isa = PBXNativeTarget;
			buildConfigurationList = 173CAA182D2CD3FD008E81B9 /* Build configuration list for PBXNativeTarget "time-blockerUITests" */;
			buildPhases = (
				173CAA042D2CD3FD008E81B9 /* Sources */,
				173CAA052D2CD3FD008E81B9 /* Frameworks */,
				173CAA062D2CD3FD008E81B9 /* Resources */,
			);
			buildRules = (
			);
			dependencies = (
				173CAA0A2D2CD3FD008E81B9 /* PBXTargetDependency */,
			);
			fileSystemSynchronizedGroups = (
				173CAA0B2D2CD3FD008E81B9 /* time-blockerUITests */,
			);
			name = "time-blockerUITests";
			packageProductDependencies = (
			);
			productName = "time-blockerUITests";
			productReference = 173CAA082D2CD3FD008E81B9 /* time-blockerUITests.xctest */;
			productType = "com.apple.product-type.bundle.ui-testing";
		};
/* End PBXNativeTarget section */

/* Begin PBXProject section */
		173CA9E42D2CD3FC008E81B9 /* Project object */ = {
			isa = PBXProject;
			attributes = {
				BuildIndependentTargetsInParallel = 1;
				LastSwiftUpdateCheck = 1620;
				LastUpgradeCheck = 1620;
				TargetAttributes = {
					173CA9EB2D2CD3FC008E81B9 = {
						CreatedOnToolsVersion = 16.2;
					};
					173CA9FD2D2CD3FD008E81B9 = {
						CreatedOnToolsVersion = 16.2;
						TestTargetID = 173CA9EB2D2CD3FC008E81B9;
					};
					173CAA072D2CD3FD008E81B9 = {
						CreatedOnToolsVersion = 16.2;
						TestTargetID = 173CA9EB2D2CD3FC008E81B9;
					};
				};
			};
			buildConfigurationList = 173CA9E72D2CD3FC008E81B9 /* Build configuration list for PBXProject "time-blocker" */;
			developmentRegion = en;
			hasScannedForEncodings = 0;
			knownRegions = (
				en,
				Base,
			);
			mainGroup = 173CA9E32D2CD3FC008E81B9;
			minimizedProjectReferenceProxies = 1;
			preferredProjectObjectVersion = 77;
			productRefGroup = 173CA9ED2D2CD3FC008E81B9 /* Products */;
			projectDirPath = "";
			projectRoot = "";
			targets = (
				173CA9EB2D2CD3FC008E81B9 /* time-blocker */,
				173CA9FD2D2CD3FD008E81B9 /* time-blockerTests */,
				173CAA072D2CD3FD008E81B9 /* time-blockerUITests */,
			);
		};
/* End PBXProject section */

/* Begin PBXResourcesBuildPhase section */
		173CA9EA2D2CD3FC008E81B9 /* Resources */ = {
			isa = PBXResourcesBuildPhase;
			buildActionMask = 2147483647;
			files = (
			);
			runOnlyForDeploymentPostprocessing = 0;
		};
		173CA9FC2D2CD3FD008E81B9 /* Resources */ = {
			isa = PBXResourcesBuildPhase;
			buildActionMask = 2147483647;
			files = (
			);
			runOnlyForDeploymentPostprocessing = 0;
		};
		173CAA062D2CD3FD008E81B9 /* Resources */ = {
			isa = PBXResourcesBuildPhase;
			buildActionMask = 2147483647;
			files = (
			);
			runOnlyForDeploymentPostprocessing = 0;
		};
/* End PBXResourcesBuildPhase section */

/* Begin PBXSourcesBuildPhase section */
		173CA9E82D2CD3FC008E81B9 /* Sources */ = {
			isa = PBXSourcesBuildPhase;
			buildActionMask = 2147483647;
			files = (
			);
			runOnlyForDeploymentPostprocessing = 0;
		};
		173CA9FA2D2CD3FD008E81B9 /* Sources */ = {
			isa = PBXSourcesBuildPhase;
			buildActionMask = 2147483647;
			files = (
			);
			runOnlyForDeploymentPostprocessing = 0;
		};
		173CAA042D2CD3FD008E81B9 /* Sources */ = {
			isa = PBXSourcesBuildPhase;
			buildActionMask = 2147483647;
			files = (
			);
			runOnlyForDeploymentPostprocessing = 0;
		};
/* End PBXSourcesBuildPhase section */

/* Begin PBXTargetDependency section */
		173CAA002D2CD3FD008E81B9 /* PBXTargetDependency */ = {
			isa = PBXTargetDependency;
			target = 173CA9EB2D2CD3FC008E81B9 /* time-blocker */;
			targetProxy = 173CA9FF2D2CD3FD008E81B9 /* PBXContainerItemProxy */;
		};
		173CAA0A2D2CD3FD008E81B9 /* PBXTargetDependency */ = {
			isa = PBXTargetDependency;
			target = 173CA9EB2D2CD3FC008E81B9 /* time-blocker */;
			targetProxy = 173CAA092D2CD3FD008E81B9 /* PBXContainerItemProxy */;
		};
/* End PBXTargetDependency section */

/* Begin XCBuildConfiguration section */
		173CAA102D2CD3FD008E81B9 /* Debug */ = {
			isa = XCBuildConfiguration;
			buildSettings = {
				ALWAYS_SEARCH_USER_PATHS = NO;
				ASSETCATALOG_COMPILER_GENERATE_SWIFT_ASSET_SYMBOL_EXTENSIONS = YES;
				CLANG_ANALYZER_NONNULL = YES;
				CLANG_ANALYZER_NUMBER_OBJECT_CONVERSION = YES_AGGRESSIVE;
				CLANG_CXX_LANGUAGE_STANDARD = "gnu++20";
				CLANG_ENABLE_MODULES = YES;
				CLANG_ENABLE_OBJC_ARC = YES;
				CLANG_ENABLE_OBJC_WEAK = YES;
				CLANG_WARN_BLOCK_CAPTURE_AUTORELEASING = YES;
				CLANG_WARN_BOOL_CONVERSION = YES;
				CLANG_WARN_COMMA = YES;
				CLANG_WARN_CONSTANT_CONVERSION = YES;
				CLANG_WARN_DEPRECATED_OBJC_IMPLEMENTATIONS = YES;
				CLANG_WARN_DIRECT_OBJC_ISA_USAGE = YES_ERROR;
				CLANG_WARN_DOCUMENTATION_COMMENTS = YES;
				CLANG_WARN_EMPTY_BODY = YES;
				CLANG_WARN_ENUM_CONVERSION = YES;
				CLANG_WARN_INFINITE_RECURSION = YES;
				CLANG_WARN_INT_CONVERSION = YES;
				CLANG_WARN_NON_LITERAL_NULL_CONVERSION = YES;
				CLANG_WARN_OBJC_IMPLICIT_RETAIN_SELF = YES;
				CLANG_WARN_OBJC_LITERAL_CONVERSION = YES;
				CLANG_WARN_OBJC_ROOT_CLASS = YES_ERROR;
				CLANG_WARN_QUOTED_INCLUDE_IN_FRAMEWORK_HEADER = YES;
				CLANG_WARN_RANGE_LOOP_ANALYSIS = YES;
				CLANG_WARN_STRICT_PROTOTYPES = YES;
				CLANG_WARN_SUSPICIOUS_MOVE = YES;
				CLANG_WARN_UNGUARDED_AVAILABILITY = YES_AGGRESSIVE;
				CLANG_WARN_UNREACHABLE_CODE = YES;
				CLANG_WARN__DUPLICATE_METHOD_MATCH = YES;
				COPY_PHASE_STRIP = NO;
				DEBUG_INFORMATION_FORMAT = dwarf;
				ENABLE_STRICT_OBJC_MSGSEND = YES;
				ENABLE_TESTABILITY = YES;
				ENABLE_USER_SCRIPT_SANDBOXING = YES;
				GCC_C_LANGUAGE_STANDARD = gnu17;
				GCC_DYNAMIC_NO_PIC = NO;
				GCC_NO_COMMON_BLOCKS = YES;
				GCC_OPTIMIZATION_LEVEL = 0;
				GCC_PREPROCESSOR_DEFINITIONS = (
					"DEBUG=1",
					"$(inherited)",
				);
				GCC_WARN_64_TO_32_BIT_CONVERSION = YES;
				GCC_WARN_ABOUT_RETURN_TYPE = YES_ERROR;
				GCC_WARN_UNDECLARED_SELECTOR = YES;
				GCC_WARN_UNINITIALIZED_AUTOS = YES_AGGRESSIVE;
				GCC_WARN_UNUSED_FUNCTION = YES;
				GCC_WARN_UNUSED_VARIABLE = YES;
				IPHONEOS_DEPLOYMENT_TARGET = 18.2;
				LOCALIZATION_PREFERS_STRING_CATALOGS = YES;
				MTL_ENABLE_DEBUG_INFO = INCLUDE_SOURCE;
				MTL_FAST_MATH = YES;
				ONLY_ACTIVE_ARCH = YES;
				SDKROOT = iphoneos;
				SWIFT_ACTIVE_COMPILATION_CONDITIONS = "DEBUG $(inherited)";
				SWIFT_OPTIMIZATION_LEVEL = "-Onone";
			};
			name = Debug;
		};
		173CAA112D2CD3FD008E81B9 /* Release */ = {
			isa = XCBuildConfiguration;
			buildSettings = {
				ALWAYS_SEARCH_USER_PATHS = NO;
				ASSETCATALOG_COMPILER_GENERATE_SWIFT_ASSET_SYMBOL_EXTENSIONS = YES;
				CLANG_ANALYZER_NONNULL = YES;
				CLANG_ANALYZER_NUMBER_OBJECT_CONVERSION = YES_AGGRESSIVE;
				CLANG_CXX_LANGUAGE_STANDARD = "gnu++20";
				CLANG_ENABLE_MODULES = YES;
				CLANG_ENABLE_OBJC_ARC = YES;
				CLANG_ENABLE_OBJC_WEAK = YES;
				CLANG_WARN_BLOCK_CAPTURE_AUTORELEASING = YES;
				CLANG_WARN_BOOL_CONVERSION = YES;
				CLANG_WARN_COMMA = YES;
				CLANG_WARN_CONSTANT_CONVERSION = YES;
				CLANG_WARN_DEPRECATED_OBJC_IMPLEMENTATIONS = YES;
				CLANG_WARN_DIRECT_OBJC_ISA_USAGE = YES_ERROR;
				CLANG_WARN_DOCUMENTATION_COMMENTS = YES;
				CLANG_WARN_EMPTY_BODY = YES;
				CLANG_WARN_ENUM_CONVERSION = YES;
				CLANG_WARN_INFINITE_RECURSION = YES;
				CLANG_WARN_INT_CONVERSION = YES;
				CLANG_WARN_NON_LITERAL_NULL_CONVERSION = YES;
				CLANG_WARN_OBJC_IMPLICIT_RETAIN_SELF = YES;
				CLANG_WARN_OBJC_LITERAL_CONVERSION = YES;
				CLANG_WARN_OBJC_ROOT_CLASS = YES_ERROR;
				CLANG_WARN_QUOTED_INCLUDE_IN_FRAMEWORK_HEADER = YES;
				CLANG_WARN_RANGE_LOOP_ANALYSIS = YES;
				CLANG_WARN_STRICT_PROTOTYPES = YES;
				CLANG_WARN_SUSPICIOUS_MOVE = YES;
				CLANG_WARN_UNGUARDED_AVAILABILITY = YES_AGGRESSIVE;
				CLANG_WARN_UNREACHABLE_CODE = YES;
				CLANG_WARN__DUPLICATE_METHOD_MATCH = YES;
				COPY_PHASE_STRIP = NO;
				DEBUG_INFORMATION_FORMAT = "dwarf-with-dsym";
				ENABLE_NS_ASSERTIONS = NO;
				ENABLE_STRICT_OBJC_MSGSEND = YES;
				ENABLE_USER_SCRIPT_SANDBOXING = YES;
				GCC_C_LANGUAGE_STANDARD = gnu17;
				GCC_NO_COMMON_BLOCKS = YES;
				GCC_WARN_64_TO_32_BIT_CONVERSION = YES;
				GCC_WARN_ABOUT_RETURN_TYPE = YES_ERROR;
				GCC_WARN_UNDECLARED_SELECTOR = YES;
				GCC_WARN_UNINITIALIZED_AUTOS = YES_AGGRESSIVE;
				GCC_WARN_UNUSED_FUNCTION = YES;
				GCC_WARN_UNUSED_VARIABLE = YES;
				IPHONEOS_DEPLOYMENT_TARGET = 18.2;
				LOCALIZATION_PREFERS_STRING_CATALOGS = YES;
				MTL_ENABLE_DEBUG_INFO = NO;
				MTL_FAST_MATH = YES;
				SDKROOT = iphoneos;
				SWIFT_COMPILATION_MODE = wholemodule;
				VALIDATE_PRODUCT = YES;
			};
			name = Release;
		};
		173CAA132D2CD3FD008E81B9 /* Debug */ = {
			isa = XCBuildConfiguration;
			buildSettings = {
				ASSETCATALOG_COMPILER_APPICON_NAME = AppIcon;
				ASSETCATALOG_COMPILER_GLOBAL_ACCENT_COLOR_NAME = AccentColor;
				CODE_SIGN_STYLE = Automatic;
				CURRENT_PROJECT_VERSION = 1;
				DEVELOPMENT_ASSET_PATHS = "\"time-blocker/Preview Content\"";
				DEVELOPMENT_TEAM = UHH9KYNHW9;
				ENABLE_PREVIEWS = YES;
				GENERATE_INFOPLIST_FILE = YES;
				INFOPLIST_KEY_UIApplicationSceneManifest_Generation = YES;
				INFOPLIST_KEY_UIApplicationSupportsIndirectInputEvents = YES;
				INFOPLIST_KEY_UILaunchScreen_Generation = YES;
				INFOPLIST_KEY_UISupportedInterfaceOrientations_iPad = "UIInterfaceOrientationPortrait UIInterfaceOrientationPortraitUpsideDown UIInterfaceOrientationLandscapeLeft UIInterfaceOrientationLandscapeRight";
				INFOPLIST_KEY_UISupportedInterfaceOrientations_iPhone = "UIInterfaceOrientationPortrait UIInterfaceOrientationLandscapeLeft UIInterfaceOrientationLandscapeRight";
				LD_RUNPATH_SEARCH_PATHS = (
					"$(inherited)",
					"@executable_path/Frameworks",
				);
				MARKETING_VERSION = 1.0;
				PRODUCT_BUNDLE_IDENTIFIER = "Creative-Combinator.time-blocker";
				PRODUCT_NAME = "$(TARGET_NAME)";
				SWIFT_EMIT_LOC_STRINGS = YES;
				SWIFT_VERSION = 5.0;
				TARGETED_DEVICE_FAMILY = "1,2";
			};
			name = Debug;
		};
		173CAA142D2CD3FD008E81B9 /* Release */ = {
			isa = XCBuildConfiguration;
			buildSettings = {
				ASSETCATALOG_COMPILER_APPICON_NAME = AppIcon;
				ASSETCATALOG_COMPILER_GLOBAL_ACCENT_COLOR_NAME = AccentColor;
				CODE_SIGN_STYLE = Automatic;
				CURRENT_PROJECT_VERSION = 1;
				DEVELOPMENT_ASSET_PATHS = "\"time-blocker/Preview Content\"";
				DEVELOPMENT_TEAM = UHH9KYNHW9;
				ENABLE_PREVIEWS = YES;
				GENERATE_INFOPLIST_FILE = YES;
				INFOPLIST_KEY_UIApplicationSceneManifest_Generation = YES;
				INFOPLIST_KEY_UIApplicationSupportsIndirectInputEvents = YES;
				INFOPLIST_KEY_UILaunchScreen_Generation = YES;
				INFOPLIST_KEY_UISupportedInterfaceOrientations_iPad = "UIInterfaceOrientationPortrait UIInterfaceOrientationPortraitUpsideDown UIInterfaceOrientationLandscapeLeft UIInterfaceOrientationLandscapeRight";
				INFOPLIST_KEY_UISupportedInterfaceOrientations_iPhone = "UIInterfaceOrientationPortrait UIInterfaceOrientationLandscapeLeft UIInterfaceOrientationLandscapeRight";
				LD_RUNPATH_SEARCH_PATHS = (
					"$(inherited)",
					"@executable_path/Frameworks",
				);
				MARKETING_VERSION = 1.0;
				PRODUCT_BUNDLE_IDENTIFIER = "Creative-Combinator.time-blocker";
				PRODUCT_NAME = "$(TARGET_NAME)";
				SWIFT_EMIT_LOC_STRINGS = YES;
				SWIFT_VERSION = 5.0;
				TARGETED_DEVICE_FAMILY = "1,2";
			};
			name = Release;
		};
		173CAA162D2CD3FD008E81B9 /* Debug */ = {
			isa = XCBuildConfiguration;
			buildSettings = {
				BUNDLE_LOADER = "$(TEST_HOST)";
				CODE_SIGN_STYLE = Automatic;
				CURRENT_PROJECT_VERSION = 1;
				DEVELOPMENT_TEAM = UHH9KYNHW9;
				GENERATE_INFOPLIST_FILE = YES;
				IPHONEOS_DEPLOYMENT_TARGET = 18.2;
				MARKETING_VERSION = 1.0;
				PRODUCT_BUNDLE_IDENTIFIER = "Creative-Combinator.time-blockerTests";
				PRODUCT_NAME = "$(TARGET_NAME)";
				SWIFT_EMIT_LOC_STRINGS = NO;
				SWIFT_VERSION = 5.0;
				TARGETED_DEVICE_FAMILY = "1,2";
				TEST_HOST = "$(BUILT_PRODUCTS_DIR)/time-blocker.app/$(BUNDLE_EXECUTABLE_FOLDER_PATH)/time-blocker";
			};
			name = Debug;
		};
		173CAA172D2CD3FD008E81B9 /* Release */ = {
			isa = XCBuildConfiguration;
			buildSettings = {
				BUNDLE_LOADER = "$(TEST_HOST)";
				CODE_SIGN_STYLE = Automatic;
				CURRENT_PROJECT_VERSION = 1;
				DEVELOPMENT_TEAM = UHH9KYNHW9;
				GENERATE_INFOPLIST_FILE = YES;
				IPHONEOS_DEPLOYMENT_TARGET = 18.2;
				MARKETING_VERSION = 1.0;
				PRODUCT_BUNDLE_IDENTIFIER = "Creative-Combinator.time-blockerTests";
				PRODUCT_NAME = "$(TARGET_NAME)";
				SWIFT_EMIT_LOC_STRINGS = NO;
				SWIFT_VERSION = 5.0;
				TARGETED_DEVICE_FAMILY = "1,2";
				TEST_HOST = "$(BUILT_PRODUCTS_DIR)/time-blocker.app/$(BUNDLE_EXECUTABLE_FOLDER_PATH)/time-blocker";
			};
			name = Release;
		};
		173CAA192D2CD3FD008E81B9 /* Debug */ = {
			isa = XCBuildConfiguration;
			buildSettings = {
				CODE_SIGN_STYLE = Automatic;
				CURRENT_PROJECT_VERSION = 1;
				DEVELOPMENT_TEAM = UHH9KYNHW9;
				GENERATE_INFOPLIST_FILE = YES;
				MARKETING_VERSION = 1.0;
				PRODUCT_BUNDLE_IDENTIFIER = "Creative-Combinator.time-blockerUITests";
				PRODUCT_NAME = "$(TARGET_NAME)";
				SWIFT_EMIT_LOC_STRINGS = NO;
				SWIFT_VERSION = 5.0;
				TARGETED_DEVICE_FAMILY = "1,2";
				TEST_TARGET_NAME = "time-blocker";
			};
			name = Debug;
		};
		173CAA1A2D2CD3FD008E81B9 /* Release */ = {
			isa = XCBuildConfiguration;
			buildSettings = {
				CODE_SIGN_STYLE = Automatic;
				CURRENT_PROJECT_VERSION = 1;
				DEVELOPMENT_TEAM = UHH9KYNHW9;
				GENERATE_INFOPLIST_FILE = YES;
				MARKETING_VERSION = 1.0;
				PRODUCT_BUNDLE_IDENTIFIER = "Creative-Combinator.time-blockerUITests";
				PRODUCT_NAME = "$(TARGET_NAME)";
				SWIFT_EMIT_LOC_STRINGS = NO;
				SWIFT_VERSION = 5.0;
				TARGETED_DEVICE_FAMILY = "1,2";
				TEST_TARGET_NAME = "time-blocker";
			};
			name = Release;
		};
/* End XCBuildConfiguration section */

/* Begin XCConfigurationList section */
		173CA9E72D2CD3FC008E81B9 /* Build configuration list for PBXProject "time-blocker" */ = {
			isa = XCConfigurationList;
			buildConfigurations = (
				173CAA102D2CD3FD008E81B9 /* Debug */,
				173CAA112D2CD3FD008E81B9 /* Release */,
			);
			defaultConfigurationIsVisible = 0;
			defaultConfigurationName = Release;
		};
		173CAA122D2CD3FD008E81B9 /* Build configuration list for PBXNativeTarget "time-blocker" */ = {
			isa = XCConfigurationList;
			buildConfigurations = (
				173CAA132D2CD3FD008E81B9 /* Debug */,
				173CAA142D2CD3FD008E81B9 /* Release */,
			);
			defaultConfigurationIsVisible = 0;
			defaultConfigurationName = Release;
		};
		173CAA152D2CD3FD008E81B9 /* Build configuration list for PBXNativeTarget "time-blockerTests" */ = {
			isa = XCConfigurationList;
			buildConfigurations = (
				173CAA162D2CD3FD008E81B9 /* Debug */,
				173CAA172D2CD3FD008E81B9 /* Release */,
			);
			defaultConfigurationIsVisible = 0;
			defaultConfigurationName = Release;
		};
		173CAA182D2CD3FD008E81B9 /* Build configuration list for PBXNativeTarget "time-blockerUITests" */ = {
			isa = XCConfigurationList;
			buildConfigurations = (
				173CAA192D2CD3FD008E81B9 /* Debug */,
				173CAA1A2D2CD3FD008E81B9 /* Release */,
			);
			defaultConfigurationIsVisible = 0;
			defaultConfigurationName = Release;
		};
/* End XCConfigurationList section */
	};
	rootObject = 173CA9E42D2CD3FC008E81B9 /* Project object */;
}
